
Microsoft Visual Studio Solution File, Format Version 12.00
# Visual Studio Version 16
VisualStudioVersion = 16.0.33927.289
MinimumVisualStudioVersion = 10.0.40219.1
Project("{2150E333-8FDC-42A3-9474-1A3956D46DE8}") = "Task0", "Task0", "{EBED8B25-CD3D-4FA5-A601-46531C847884}"
EndProject
Project("{FAE04EC0-301F-11D3-BF4B-00C04F79EFBC}") = "Tyuiu.LebedevIV.Sprint5.Task0.V27.Test", "Tyuiu.LebedevIV.Sprint5.Task0.V27.Test\Tyuiu.LebedevIV.Sprint5.Task0.V27.Test.csproj", "{02E39769-68AD-4E4F-92BB-399ABA7C7B25}"
EndProject
Project("{FAE04EC0-301F-11D3-BF4B-00C04F79EFBC}") = "Tyuiu.LebedevIV.Sprint5.Task0.V27.Lib", "Tyuiu.LebedevIV.Sprint5.Task0.V27.Lib\Tyuiu.LebedevIV.Sprint5.Task0.V27.Lib.csproj", "{20DB00E9-E836-4562-9490-64CD345F2E6D}"
EndProject
Project("{FAE04EC0-301F-11D3-BF4B-00C04F79EFBC}") = "Tyuiu.LebedevIV.Sprint5.Task0.V27", "Tyuiu.LebedevIV.Sprint5.Task0.V27\Tyuiu.LebedevIV.Sprint5.Task0.V27.csproj", "{2372CD71-9AE5-4087-B0F7-F50FCBC17072}"
EndProject
Project("{2150E333-8FDC-42A3-9474-1A3956D46DE8}") = "Task1", "Task1", "{C04FC706-8C0D-40E4-A469-46614110547C}"
EndProject
Project("{FAE04EC0-301F-11D3-BF4B-00C04F79EFBC}") = "Tyuiu.LebedevIV.Sprint5.Task1.V27.Test", "Tyuiu.LebedevIV.Sprint5.Task1.V27.Test\Tyuiu.LebedevIV.Sprint5.Task1.V27.Test.csproj", "{F5AE1CC8-5F31-4BFE-A2C0-437C40E1846E}"
EndProject
Project("{FAE04EC0-301F-11D3-BF4B-00C04F79EFBC}") = "Tyuiu.LebedevIV.Sprint5.Task1.V27", "Tyuiu.LebedevIV.Sprint5.Task1.V27\Tyuiu.LebedevIV.Sprint5.Task1.V27.csproj", "{3A4788A0-24CB-401E-819A-BB0A2D6D2CE6}"
EndProject
Project("{FAE04EC0-301F-11D3-BF4B-00C04F79EFBC}") = "Tyuiu.LebedevIV.Sprint5.Task1.V27.Lib", "Tyuiu.LebedevIV.Sprint5.Task1.V27.Lib\Tyuiu.LebedevIV.Sprint5.Task1.V27.Lib.csproj", "{12C930A6-6832-4F17-B908-E411BF42F6C5}"
EndProject
Project("{2150E333-8FDC-42A3-9474-1A3956D46DE8}") = "Task2", "Task2", "{6B231215-A549-45BB-A8B3-9E4F29FB7EA7}"
EndProject
Project("{FAE04EC0-301F-11D3-BF4B-00C04F79EFBC}") = "Tyuiu.LebedevIV.Sprint5.Task2.V2", "Tyuiu.LebedevIV.Sprint5.Task2.V2\Tyuiu.LebedevIV.Sprint5.Task2.V2.csproj", "{A0A2C0E0-E092-4202-B6AC-4C4096E7B566}"
EndProject
Project("{FAE04EC0-301F-11D3-BF4B-00C04F79EFBC}") = "Tyuiu.LebedevIV.Sprint5.Task2.V2.Lib", "Tyuiu.LebedevIV.Sprint5.Task2.V2.Lib\Tyuiu.LebedevIV.Sprint5.Task2.V2.Lib.csproj", "{2036B81C-E87D-48A3-8EDA-E297267C7DDE}"
EndProject
Project("{FAE04EC0-301F-11D3-BF4B-00C04F79EFBC}") = "Tyuiu.LebedevIV.Sprint5.Task2.V2.Test", "Tyuiu.LebedevIV.Sprint5.Task2.V2.Test\Tyuiu.LebedevIV.Sprint5.Task2.V2.Test.csproj", "{BDC3313D-6393-4360-BACE-25CB3AAA7DAC}"
EndProject
Project("{2150E333-8FDC-42A3-9474-1A3956D46DE8}") = "Task3", "Task3", "{67C21FD9-74C9-499D-AEA3-2D4DCE7B17E4}"
EndProject
Project("{FAE04EC0-301F-11D3-BF4B-00C04F79EFBC}") = "Tyuiu.LebedevIV.Sprint5.Task3.V9", "Tyuiu.LebedevIV.Sprint5.Task3.V9\Tyuiu.LebedevIV.Sprint5.Task3.V9.csproj", "{E27BA97C-7862-449A-9612-A031FFE8F10D}"
EndProject
Project("{FAE04EC0-301F-11D3-BF4B-00C04F79EFBC}") = "Tyuiu.LebedevIV.Sprint5.Task3.V9.Test", "Tyuiu.LebedevIV.Sprint5.Task3.V9.Test\Tyuiu.LebedevIV.Sprint5.Task3.V9.Test.csproj", "{797FA78F-41A3-46E4-9C3A-F7756F46E9F5}"
EndProject
Project("{FAE04EC0-301F-11D3-BF4B-00C04F79EFBC}") = "Tyuiu.LebedevIV.Sprint5.Task3.V9.Lib", "Tyuiu.LebedevIV.Sprint5.Task3.V9.Lib\Tyuiu.LebedevIV.Sprint5.Task3.V9.Lib.csproj", "{48DA7F19-FC6E-49F7-8816-39FA34E585B1}"
EndProject
Project("{2150E333-8FDC-42A3-9474-1A3956D46DE8}") = "Task4", "Task4", "{D3E1EEDD-75C8-4A3F-89C3-0ADEB4542FB2}"
EndProject
Project("{FAE04EC0-301F-11D3-BF4B-00C04F79EFBC}") = "Tyuiu.LebedevIV.Sprint5.Task4.V27", "Tyuiu.LebedevIV.Sprint5.Task4.V27\Tyuiu.LebedevIV.Sprint5.Task4.V27.csproj", "{E4246CD8-D886-4400-A8F1-925EFFD60644}"
EndProject
Project("{FAE04EC0-301F-11D3-BF4B-00C04F79EFBC}") = "Tyuiu.LebedevIV.Sprint5.Task4.V27.Lib", "Tyuiu.LebedevIV.Sprint5.Task4.V27.Lib\Tyuiu.LebedevIV.Sprint5.Task4.V27.Lib.csproj", "{D1CA980B-4D25-4362-8BF7-E758E1D6485C}"
EndProject
Project("{FAE04EC0-301F-11D3-BF4B-00C04F79EFBC}") = "Tyuiu.LebedevIV.Sprint5.Task4.V27.Test", "Tyuiu.LebedevIV.Sprint5.Task4.V27.Test\Tyuiu.LebedevIV.Sprint5.Task4.V27.Test.csproj", "{0C0C37F7-2EE2-47AF-9657-1EB56D298A6D}"
EndProject
Project("{2150E333-8FDC-42A3-9474-1A3956D46DE8}") = "Task5", "Task5", "{19DF7278-792F-4226-ADA8-87134664AD59}"
EndProject
Project("{FAE04EC0-301F-11D3-BF4B-00C04F79EFBC}") = "Tyuiu.LebedevIV.Sprint5.Task5.V30", "Tyuiu.LebedevIV.Sprint5.Task5.V30\Tyuiu.LebedevIV.Sprint5.Task5.V30.csproj", "{4ABE1897-609B-42C0-9AD0-8C4916AD0F83}"
EndProject
Project("{FAE04EC0-301F-11D3-BF4B-00C04F79EFBC}") = "Tyuiu.LebedevIV.Sprint5.Task5.V30.Test", "Tyuiu.LebedevIV.Sprint5.Task5.V30.Test\Tyuiu.LebedevIV.Sprint5.Task5.V30.Test.csproj", "{8C83759B-EDEC-4DFE-8FA8-9399C0A26A9F}"
EndProject
Project("{FAE04EC0-301F-11D3-BF4B-00C04F79EFBC}") = "Tyuiu.LebedevIV.Sprint5.Task5.V30.Lib", "Tyuiu.LebedevIV.Sprint5.Task5.V30.Lib\Tyuiu.LebedevIV.Sprint5.Task5.V30.Lib.csproj", "{71667C5A-1DA2-4172-87DE-05677FFED968}"
EndProject
Global
	GlobalSection(SolutionConfigurationPlatforms) = preSolution
		Debug|Any CPU = Debug|Any CPU
		Release|Any CPU = Release|Any CPU
	EndGlobalSection
	GlobalSection(ProjectConfigurationPlatforms) = postSolution
		{02E39769-68AD-4E4F-92BB-399ABA7C7B25}.Debug|Any CPU.ActiveCfg = Debug|Any CPU
		{02E39769-68AD-4E4F-92BB-399ABA7C7B25}.Debug|Any CPU.Build.0 = Debug|Any CPU
		{02E39769-68AD-4E4F-92BB-399ABA7C7B25}.Release|Any CPU.ActiveCfg = Release|Any CPU
		{02E39769-68AD-4E4F-92BB-399ABA7C7B25}.Release|Any CPU.Build.0 = Release|Any CPU
		{20DB00E9-E836-4562-9490-64CD345F2E6D}.Debug|Any CPU.ActiveCfg = Debug|Any CPU
		{20DB00E9-E836-4562-9490-64CD345F2E6D}.Debug|Any CPU.Build.0 = Debug|Any CPU
		{20DB00E9-E836-4562-9490-64CD345F2E6D}.Release|Any CPU.ActiveCfg = Release|Any CPU
		{20DB00E9-E836-4562-9490-64CD345F2E6D}.Release|Any CPU.Build.0 = Release|Any CPU
		{2372CD71-9AE5-4087-B0F7-F50FCBC17072}.Debug|Any CPU.ActiveCfg = Debug|Any CPU
		{2372CD71-9AE5-4087-B0F7-F50FCBC17072}.Debug|Any CPU.Build.0 = Debug|Any CPU
		{2372CD71-9AE5-4087-B0F7-F50FCBC17072}.Release|Any CPU.ActiveCfg = Release|Any CPU
		{2372CD71-9AE5-4087-B0F7-F50FCBC17072}.Release|Any CPU.Build.0 = Release|Any CPU
		{F5AE1CC8-5F31-4BFE-A2C0-437C40E1846E}.Debug|Any CPU.ActiveCfg = Debug|Any CPU
		{F5AE1CC8-5F31-4BFE-A2C0-437C40E1846E}.Debug|Any CPU.Build.0 = Debug|Any CPU
		{F5AE1CC8-5F31-4BFE-A2C0-437C40E1846E}.Release|Any CPU.ActiveCfg = Release|Any CPU
		{F5AE1CC8-5F31-4BFE-A2C0-437C40E1846E}.Release|Any CPU.Build.0 = Release|Any CPU
		{3A4788A0-24CB-401E-819A-BB0A2D6D2CE6}.Debug|Any CPU.ActiveCfg = Debug|Any CPU
		{3A4788A0-24CB-401E-819A-BB0A2D6D2CE6}.Debug|Any CPU.Build.0 = Debug|Any CPU
		{3A4788A0-24CB-401E-819A-BB0A2D6D2CE6}.Release|Any CPU.ActiveCfg = Release|Any CPU
		{3A4788A0-24CB-401E-819A-BB0A2D6D2CE6}.Release|Any CPU.Build.0 = Release|Any CPU
		{12C930A6-6832-4F17-B908-E411BF42F6C5}.Debug|Any CPU.ActiveCfg = Debug|Any CPU
		{12C930A6-6832-4F17-B908-E411BF42F6C5}.Debug|Any CPU.Build.0 = Debug|Any CPU
		{12C930A6-6832-4F17-B908-E411BF42F6C5}.Release|Any CPU.ActiveCfg = Release|Any CPU
		{12C930A6-6832-4F17-B908-E411BF42F6C5}.Release|Any CPU.Build.0 = Release|Any CPU
		{A0A2C0E0-E092-4202-B6AC-4C4096E7B566}.Debug|Any CPU.ActiveCfg = Debug|Any CPU
		{A0A2C0E0-E092-4202-B6AC-4C4096E7B566}.Debug|Any CPU.Build.0 = Debug|Any CPU
		{A0A2C0E0-E092-4202-B6AC-4C4096E7B566}.Release|Any CPU.ActiveCfg = Release|Any CPU
		{A0A2C0E0-E092-4202-B6AC-4C4096E7B566}.Release|Any CPU.Build.0 = Release|Any CPU
		{2036B81C-E87D-48A3-8EDA-E297267C7DDE}.Debug|Any CPU.ActiveCfg = Debug|Any CPU
		{2036B81C-E87D-48A3-8EDA-E297267C7DDE}.Debug|Any CPU.Build.0 = Debug|Any CPU
		{2036B81C-E87D-48A3-8EDA-E297267C7DDE}.Release|Any CPU.ActiveCfg = Release|Any CPU
		{2036B81C-E87D-48A3-8EDA-E297267C7DDE}.Release|Any CPU.Build.0 = Release|Any CPU
		{BDC3313D-6393-4360-BACE-25CB3AAA7DAC}.Debug|Any CPU.ActiveCfg = Debug|Any CPU
		{BDC3313D-6393-4360-BACE-25CB3AAA7DAC}.Debug|Any CPU.Build.0 = Debug|Any CPU
		{BDC3313D-6393-4360-BACE-25CB3AAA7DAC}.Release|Any CPU.ActiveCfg = Release|Any CPU
		{BDC3313D-6393-4360-BACE-25CB3AAA7DAC}.Release|Any CPU.Build.0 = Release|Any CPU
		{E27BA97C-7862-449A-9612-A031FFE8F10D}.Debug|Any CPU.ActiveCfg = Debug|Any CPU
		{E27BA97C-7862-449A-9612-A031FFE8F10D}.Debug|Any CPU.Build.0 = Debug|Any CPU
		{E27BA97C-7862-449A-9612-A031FFE8F10D}.Release|Any CPU.ActiveCfg = Release|Any CPU
		{E27BA97C-7862-449A-9612-A031FFE8F10D}.Release|Any CPU.Build.0 = Release|Any CPU
		{797FA78F-41A3-46E4-9C3A-F7756F46E9F5}.Debug|Any CPU.ActiveCfg = Debug|Any CPU
		{797FA78F-41A3-46E4-9C3A-F7756F46E9F5}.Debug|Any CPU.Build.0 = Debug|Any CPU
		{797FA78F-41A3-46E4-9C3A-F7756F46E9F5}.Release|Any CPU.ActiveCfg = Release|Any CPU
		{797FA78F-41A3-46E4-9C3A-F7756F46E9F5}.Release|Any CPU.Build.0 = Release|Any CPU
		{48DA7F19-FC6E-49F7-8816-39FA34E585B1}.Debug|Any CPU.ActiveCfg = Debug|Any CPU
		{48DA7F19-FC6E-49F7-8816-39FA34E585B1}.Debug|Any CPU.Build.0 = Debug|Any CPU
		{48DA7F19-FC6E-49F7-8816-39FA34E585B1}.Release|Any CPU.ActiveCfg = Release|Any CPU
		{48DA7F19-FC6E-49F7-8816-39FA34E585B1}.Release|Any CPU.Build.0 = Release|Any CPU
		{E4246CD8-D886-4400-A8F1-925EFFD60644}.Debug|Any CPU.ActiveCfg = Debug|Any CPU
		{E4246CD8-D886-4400-A8F1-925EFFD60644}.Debug|Any CPU.Build.0 = Debug|Any CPU
		{E4246CD8-D886-4400-A8F1-925EFFD60644}.Release|Any CPU.ActiveCfg = Release|Any CPU
		{E4246CD8-D886-4400-A8F1-925EFFD60644}.Release|Any CPU.Build.0 = Release|Any CPU
		{D1CA980B-4D25-4362-8BF7-E758E1D6485C}.Debug|Any CPU.ActiveCfg = Debug|Any CPU
		{D1CA980B-4D25-4362-8BF7-E758E1D6485C}.Debug|Any CPU.Build.0 = Debug|Any CPU
		{D1CA980B-4D25-4362-8BF7-E758E1D6485C}.Release|Any CPU.ActiveCfg = Release|Any CPU
		{D1CA980B-4D25-4362-8BF7-E758E1D6485C}.Release|Any CPU.Build.0 = Release|Any CPU
		{0C0C37F7-2EE2-47AF-9657-1EB56D298A6D}.Debug|Any CPU.ActiveCfg = Debug|Any CPU
		{0C0C37F7-2EE2-47AF-9657-1EB56D298A6D}.Debug|Any CPU.Build.0 = Debug|Any CPU
		{0C0C37F7-2EE2-47AF-9657-1EB56D298A6D}.Release|Any CPU.ActiveCfg = Release|Any CPU
		{0C0C37F7-2EE2-47AF-9657-1EB56D298A6D}.Release|Any CPU.Build.0 = Release|Any CPU
		{4ABE1897-609B-42C0-9AD0-8C4916AD0F83}.Debug|Any CPU.ActiveCfg = Debug|Any CPU
		{4ABE1897-609B-42C0-9AD0-8C4916AD0F83}.Debug|Any CPU.Build.0 = Debug|Any CPU
		{4ABE1897-609B-42C0-9AD0-8C4916AD0F83}.Release|Any CPU.ActiveCfg = Release|Any CPU
		{4ABE1897-609B-42C0-9AD0-8C4916AD0F83}.Release|Any CPU.Build.0 = Release|Any CPU
		{8C83759B-EDEC-4DFE-8FA8-9399C0A26A9F}.Debug|Any CPU.ActiveCfg = Debug|Any CPU
		{8C83759B-EDEC-4DFE-8FA8-9399C0A26A9F}.Debug|Any CPU.Build.0 = Debug|Any CPU
		{8C83759B-EDEC-4DFE-8FA8-9399C0A26A9F}.Release|Any CPU.ActiveCfg = Release|Any CPU
		{8C83759B-EDEC-4DFE-8FA8-9399C0A26A9F}.Release|Any CPU.Build.0 = Release|Any CPU
		{71667C5A-1DA2-4172-87DE-05677FFED968}.Debug|Any CPU.ActiveCfg = Debug|Any CPU
		{71667C5A-1DA2-4172-87DE-05677FFED968}.Debug|Any CPU.Build.0 = Debug|Any CPU
		{71667C5A-1DA2-4172-87DE-05677FFED968}.Release|Any CPU.ActiveCfg = Release|Any CPU
		{71667C5A-1DA2-4172-87DE-05677FFED968}.Release|Any CPU.Build.0 = Release|Any CPU
	EndGlobalSection
	GlobalSection(SolutionProperties) = preSolution
		HideSolutionNode = FALSE
	EndGlobalSection
	GlobalSection(NestedProjects) = preSolution
		{02E39769-68AD-4E4F-92BB-399ABA7C7B25} = {EBED8B25-CD3D-4FA5-A601-46531C847884}
		{20DB00E9-E836-4562-9490-64CD345F2E6D} = {EBED8B25-CD3D-4FA5-A601-46531C847884}
		{2372CD71-9AE5-4087-B0F7-F50FCBC17072} = {EBED8B25-CD3D-4FA5-A601-46531C847884}
		{F5AE1CC8-5F31-4BFE-A2C0-437C40E1846E} = {C04FC706-8C0D-40E4-A469-46614110547C}
		{3A4788A0-24CB-401E-819A-BB0A2D6D2CE6} = {C04FC706-8C0D-40E4-A469-46614110547C}
		{12C930A6-6832-4F17-B908-E411BF42F6C5} = {C04FC706-8C0D-40E4-A469-46614110547C}
		{A0A2C0E0-E092-4202-B6AC-4C4096E7B566} = {6B231215-A549-45BB-A8B3-9E4F29FB7EA7}
		{2036B81C-E87D-48A3-8EDA-E297267C7DDE} = {6B231215-A549-45BB-A8B3-9E4F29FB7EA7}
		{BDC3313D-6393-4360-BACE-25CB3AAA7DAC} = {6B231215-A549-45BB-A8B3-9E4F29FB7EA7}
		{E27BA97C-7862-449A-9612-A031FFE8F10D} = {67C21FD9-74C9-499D-AEA3-2D4DCE7B17E4}
		{797FA78F-41A3-46E4-9C3A-F7756F46E9F5} = {67C21FD9-74C9-499D-AEA3-2D4DCE7B17E4}
		{48DA7F19-FC6E-49F7-8816-39FA34E585B1} = {67C21FD9-74C9-499D-AEA3-2D4DCE7B17E4}
		{E4246CD8-D886-4400-A8F1-925EFFD60644} = {D3E1EEDD-75C8-4A3F-89C3-0ADEB4542FB2}
		{D1CA980B-4D25-4362-8BF7-E758E1D6485C} = {D3E1EEDD-75C8-4A3F-89C3-0ADEB4542FB2}
		{0C0C37F7-2EE2-47AF-9657-1EB56D298A6D} = {D3E1EEDD-75C8-4A3F-89C3-0ADEB4542FB2}
		{4ABE1897-609B-42C0-9AD0-8C4916AD0F83} = {19DF7278-792F-4226-ADA8-87134664AD59}
		{8C83759B-EDEC-4DFE-8FA8-9399C0A26A9F} = {19DF7278-792F-4226-ADA8-87134664AD59}
		{71667C5A-1DA2-4172-87DE-05677FFED968} = {19DF7278-792F-4226-ADA8-87134664AD59}
	EndGlobalSection
	GlobalSection(ExtensibilityGlobals) = postSolution
		SolutionGuid = {716BC02D-1FCC-42D4-B374-828FA086D45D}
	EndGlobalSection
EndGlobal
