
Microsoft Visual Studio Solution File, Format Version 12.00
# Visual Studio Version 16
VisualStudioVersion = 16.0.33927.289
MinimumVisualStudioVersion = 10.0.40219.1
Project("{2150E333-8FDC-42A3-9474-1A3956D46DE8}") = "Task0", "Task0", "{EBED8B25-CD3D-4FA5-A601-46531C847884}"
EndProject
Project("{FAE04EC0-301F-11D3-BF4B-00C04F79EFBC}") = "Tyuiu.LebedevIV.Sprint5.Task0.V27.Test", "Tyuiu.LebedevIV.Sprint5.Task0.V27.Test\Tyuiu.LebedevIV.Sprint5.Task0.V27.Test.csproj", "{02E39769-68AD-4E4F-92BB-399ABA7C7B25}"
EndProject
Project("{FAE04EC0-301F-11D3-BF4B-00C04F79EFBC}") = "Tyuiu.LebedevIV.Sprint5.Task0.V27.Lib", "Tyuiu.LebedevIV.Sprint5.Task0.V27.Lib\Tyuiu.LebedevIV.Sprint5.Task0.V27.Lib.csproj", "{20DB00E9-E836-4562-9490-64CD345F2E6D}"
EndProject
Project("{FAE04EC0-301F-11D3-BF4B-00C04F79EFBC}") = "Tyuiu.LebedevIV.Sprint5.Task0.V27", "Tyuiu.LebedevIV.Sprint5.Task0.V27\Tyuiu.LebedevIV.Sprint5.Task0.V27.csproj", "{2372CD71-9AE5-4087-B0F7-F50FCBC17072}"
EndProject
Project("{2150E333-8FDC-42A3-9474-1A3956D46DE8}") = "Task1", "Task1", "{C04FC706-8C0D-40E4-A469-46614110547C}"
EndProject
Project("{FAE04EC0-301F-11D3-BF4B-00C04F79EFBC}") = "Tyuiu.LebedevIV.Sprint5.Task1.V27.Test", "Tyuiu.LebedevIV.Sprint5.Task1.V27.Test\Tyuiu.LebedevIV.Sprint5.Task1.V27.Test.csproj", "{F5AE1CC8-5F31-4BFE-A2C0-437C40E1846E}"
EndProject
Project("{FAE04EC0-301F-11D3-BF4B-00C04F79EFBC}") = "Tyuiu.LebedevIV.Sprint5.Task1.V27", "Tyuiu.LebedevIV.Sprint5.Task1.V27\Tyuiu.LebedevIV.Sprint5.Task1.V27.csproj", "{3A4788A0-24CB-401E-819A-BB0A2D6D2CE6}"
EndProject
Project("{FAE04EC0-301F-11D3-BF4B-00C04F79EFBC}") = "Tyuiu.LebedevIV.Sprint5.Task1.V27.Lib", "Tyuiu.LebedevIV.Sprint5.Task1.V27.Lib\Tyuiu.LebedevIV.Sprint5.Task1.V27.Lib.csproj", "{12C930A6-6832-4F17-B908-E411BF42F6C5}"
EndProject
Global
	GlobalSection(SolutionConfigurationPlatforms) = preSolution
		Debug|Any CPU = Debug|Any CPU
		Release|Any CPU = Release|Any CPU
	EndGlobalSection
	GlobalSection(ProjectConfigurationPlatforms) = postSolution
		{02E39769-68AD-4E4F-92BB-399ABA7C7B25}.Debug|Any CPU.ActiveCfg = Debug|Any CPU
		{02E39769-68AD-4E4F-92BB-399ABA7C7B25}.Debug|Any CPU.Build.0 = Debug|Any CPU
		{02E39769-68AD-4E4F-92BB-399ABA7C7B25}.Release|Any CPU.ActiveCfg = Release|Any CPU
		{02E39769-68AD-4E4F-92BB-399ABA7C7B25}.Release|Any CPU.Build.0 = Release|Any CPU
		{20DB00E9-E836-4562-9490-64CD345F2E6D}.Debug|Any CPU.ActiveCfg = Debug|Any CPU
		{20DB00E9-E836-4562-9490-64CD345F2E6D}.Debug|Any CPU.Build.0 = Debug|Any CPU
		{20DB00E9-E836-4562-9490-64CD345F2E6D}.Release|Any CPU.ActiveCfg = Release|Any CPU
		{20DB00E9-E836-4562-9490-64CD345F2E6D}.Release|Any CPU.Build.0 = Release|Any CPU
		{2372CD71-9AE5-4087-B0F7-F50FCBC17072}.Debug|Any CPU.ActiveCfg = Debug|Any CPU
		{2372CD71-9AE5-4087-B0F7-F50FCBC17072}.Debug|Any CPU.Build.0 = Debug|Any CPU
		{2372CD71-9AE5-4087-B0F7-F50FCBC17072}.Release|Any CPU.ActiveCfg = Release|Any CPU
		{2372CD71-9AE5-4087-B0F7-F50FCBC17072}.Release|Any CPU.Build.0 = Release|Any CPU
		{F5AE1CC8-5F31-4BFE-A2C0-437C40E1846E}.Debug|Any CPU.ActiveCfg = Debug|Any CPU
		{F5AE1CC8-5F31-4BFE-A2C0-437C40E1846E}.Debug|Any CPU.Build.0 = Debug|Any CPU
		{F5AE1CC8-5F31-4BFE-A2C0-437C40E1846E}.Release|Any CPU.ActiveCfg = Release|Any CPU
		{F5AE1CC8-5F31-4BFE-A2C0-437C40E1846E}.Release|Any CPU.Build.0 = Release|Any CPU
		{3A4788A0-24CB-401E-819A-BB0A2D6D2CE6}.Debug|Any CPU.ActiveCfg = Debug|Any CPU
		{3A4788A0-24CB-401E-819A-BB0A2D6D2CE6}.Debug|Any CPU.Build.0 = Debug|Any CPU
		{3A4788A0-24CB-401E-819A-BB0A2D6D2CE6}.Release|Any CPU.ActiveCfg = Release|Any CPU
		{3A4788A0-24CB-401E-819A-BB0A2D6D2CE6}.Release|Any CPU.Build.0 = Release|Any CPU
		{12C930A6-6832-4F17-B908-E411BF42F6C5}.Debug|Any CPU.ActiveCfg = Debug|Any CPU
		{12C930A6-6832-4F17-B908-E411BF42F6C5}.Debug|Any CPU.Build.0 = Debug|Any CPU
		{12C930A6-6832-4F17-B908-E411BF42F6C5}.Release|Any CPU.ActiveCfg = Release|Any CPU
		{12C930A6-6832-4F17-B908-E411BF42F6C5}.Release|Any CPU.Build.0 = Release|Any CPU
	EndGlobalSection
	GlobalSection(SolutionProperties) = preSolution
		HideSolutionNode = FALSE
	EndGlobalSection
	GlobalSection(NestedProjects) = preSolution
		{02E39769-68AD-4E4F-92BB-399ABA7C7B25} = {EBED8B25-CD3D-4FA5-A601-46531C847884}
		{20DB00E9-E836-4562-9490-64CD345F2E6D} = {EBED8B25-CD3D-4FA5-A601-46531C847884}
		{2372CD71-9AE5-4087-B0F7-F50FCBC17072} = {EBED8B25-CD3D-4FA5-A601-46531C847884}
		{F5AE1CC8-5F31-4BFE-A2C0-437C40E1846E} = {C04FC706-8C0D-40E4-A469-46614110547C}
		{3A4788A0-24CB-401E-819A-BB0A2D6D2CE6} = {C04FC706-8C0D-40E4-A469-46614110547C}
		{12C930A6-6832-4F17-B908-E411BF42F6C5} = {C04FC706-8C0D-40E4-A469-46614110547C}
	EndGlobalSection
	GlobalSection(ExtensibilityGlobals) = postSolution
		SolutionGuid = {716BC02D-1FCC-42D4-B374-828FA086D45D}
	EndGlobalSection
EndGlobal
